PODS:
  - encryption_decryptions (0.0.1):
    - Flutter
    - RNCryptor (~> 5.0)
  - Flutter (1.0.0)
  - RNCryptor (5.1.0)

DEPENDENCIES:
  - encryption_decryptions (from `.symlinks/plugins/encryption_decryptions/ios`)
  - Flutter (from `Flutter`)

SPEC REPOS:
  trunk:
    - RNCryptor

EXTERNAL SOURCES:
  encryption_decryptions:
    :path: ".symlinks/plugins/encryption_decryptions/ios"
  Flutter:
    :path: Flutter

SPEC CHECKSUMS:
  encryption_decryptions: a97ed43264cabc388b2b80ecd65fe28f60441d4b
  Flutter: e0871f40cf51350855a761d2e70bf5af5b9b5de7
  RNCryptor: a369134686cd2ad391323cc856b62e591193ba79

PODFILE CHECKSUM: c4c93c5f6502fe2754f48404d3594bf779584011

COCOAPODS: 1.15.2
